
Microsoft Visual Studio Solution File, Format Version 12.00
# Visual Studio Version 16
VisualStudioVersion = 16.0.810.0
MinimumVisualStudioVersion = 10.0.40219.1
Project("{9A19103F-16F7-4668-BE54-9A1E7A4F7556}") = "BCWebUI", "BCWebUI\BCWebUI.csproj", "{8EE233B0-30E3-491A-A0FF-CB34B04B2410}"
EndProject
Project("{9A19103F-16F7-4668-BE54-9A1E7A4F7556}") = "BCBL", "BCBL\BCBL.csproj", "{41C32E72-8632-4861-908E-637A39DB04D4}"
EndProject
Project("{9A19103F-16F7-4668-BE54-9A1E7A4F7556}") = "BCDL", "BCDL\BCDL.csproj", "{A0CA9167-A77F-4C40-9DB9-592F8BD7DF3D}"
EndProject
Project("{9A19103F-16F7-4668-BE54-9A1E7A4F7556}") = "BCModel", "BCModel\BCModel.csproj", "{C36768BE-1629-49BB-AD00-811328CE3989}"
EndProject
Project("{FAE04EC0-301F-11D3-BF4B-00C04F79EFBC}") = "BCTest", "BCTest\BCTest.csproj", "{92805E85-1B38-43D0-AC42-0921B2988F1E}"
EndProject
Global
	GlobalSection(SolutionConfigurationPlatforms) = preSolution
		Debug|Any CPU = Debug|Any CPU
		Release|Any CPU = Release|Any CPU
	EndGlobalSection
	GlobalSection(ProjectConfigurationPlatforms) = postSolution
		{8EE233B0-30E3-491A-A0FF-CB34B04B2410}.Debug|Any CPU.ActiveCfg = Debug|Any CPU
		{8EE233B0-30E3-491A-A0FF-CB34B04B2410}.Debug|Any CPU.Build.0 = Debug|Any CPU
		{8EE233B0-30E3-491A-A0FF-CB34B04B2410}.Release|Any CPU.ActiveCfg = Release|Any CPU
		{8EE233B0-30E3-491A-A0FF-CB34B04B2410}.Release|Any CPU.Build.0 = Release|Any CPU
		{41C32E72-8632-4861-908E-637A39DB04D4}.Debug|Any CPU.ActiveCfg = Debug|Any CPU
		{41C32E72-8632-4861-908E-637A39DB04D4}.Debug|Any CPU.Build.0 = Debug|Any CPU
		{41C32E72-8632-4861-908E-637A39DB04D4}.Release|Any CPU.ActiveCfg = Release|Any CPU
		{41C32E72-8632-4861-908E-637A39DB04D4}.Release|Any CPU.Build.0 = Release|Any CPU
		{A0CA9167-A77F-4C40-9DB9-592F8BD7DF3D}.Debug|Any CPU.ActiveCfg = Debug|Any CPU
		{A0CA9167-A77F-4C40-9DB9-592F8BD7DF3D}.Debug|Any CPU.Build.0 = Debug|Any CPU
		{A0CA9167-A77F-4C40-9DB9-592F8BD7DF3D}.Release|Any CPU.ActiveCfg = Release|Any CPU
		{A0CA9167-A77F-4C40-9DB9-592F8BD7DF3D}.Release|Any CPU.Build.0 = Release|Any CPU
		{C36768BE-1629-49BB-AD00-811328CE3989}.Debug|Any CPU.ActiveCfg = Debug|Any CPU
		{C36768BE-1629-49BB-AD00-811328CE3989}.Debug|Any CPU.Build.0 = Debug|Any CPU
		{C36768BE-1629-49BB-AD00-811328CE3989}.Release|Any CPU.ActiveCfg = Release|Any CPU
		{C36768BE-1629-49BB-AD00-811328CE3989}.Release|Any CPU.Build.0 = Release|Any CPU
		{92805E85-1B38-43D0-AC42-0921B2988F1E}.Debug|Any CPU.ActiveCfg = Debug|Any CPU
		{92805E85-1B38-43D0-AC42-0921B2988F1E}.Debug|Any CPU.Build.0 = Debug|Any CPU
		{92805E85-1B38-43D0-AC42-0921B2988F1E}.Release|Any CPU.ActiveCfg = Release|Any CPU
		{92805E85-1B38-43D0-AC42-0921B2988F1E}.Release|Any CPU.Build.0 = Release|Any CPU
	EndGlobalSection
	GlobalSection(SolutionProperties) = preSolution
		HideSolutionNode = FALSE
	EndGlobalSection
	GlobalSection(ExtensibilityGlobals) = postSolution
		SolutionGuid = {0A195759-A944-44BE-BFF1-815A9CC4F5D2}
	EndGlobalSection
EndGlobal
